{
  "requires": true,
  "lockfileVersion": 1,
  "dependencies": {
    "bootstrap": {
      "version": "5.1.3",
      "resolved": "https://registry.npmjs.org/bootstrap/-/bootstrap-5.1.3.tgz",
      "integrity": "sha512-fcQztozJ8jToQWXxVuEyXWW+dSo8AiXWKwiSSrKWsRB/Qt+Ewwza+JWoLKiTuQLaEPhdNAJ7+Dosc9DOIqNy7Q=="
    },
    "startbootstrap-new-age": {
      "version": "6.0.5",
      "resolved": "https://registry.npmjs.org/startbootstrap-new-age/-/startbootstrap-new-age-6.0.5.tgz",
      "integrity": "sha512-reB3+OwFrBnQEk2XWRkQrSq850F4NOvZPBi0x4JgnGpTC5Ij9l8/b2xTxckaIYb21ZBimOHkdMiyAfZw09irTA==",
      "requires": {
        "bootstrap": "5.1.3"
      }
    }
  }
}
